
Microsoft Visual Studio Solution File, Format Version 11.00
# Visual Studio 2010
Project("{FAE04EC0-301F-11D3-BF4B-00C04F79EFBC}") = "YelpSharp", "YelpSharp\YelpSharp.csproj", "{321C2B03-B897-4351-A60B-B5987A67FE6C}"
EndProject
Project("{FAE04EC0-301F-11D3-BF4B-00C04F79EFBC}") = "YelpSharpTests", "YelpSharpTests\YelpSharpTests.csproj", "{6B9A6393-811A-404B-BC9A-189000563007}"
EndProject
Project("{2150E333-8FDC-42A3-9474-1A3956D46DE8}") = "Solution Items", "Solution Items", "{C577C36A-0A19-41D7-9115-1C100A5A21F0}"
	ProjectSection(SolutionItems) = preProject
		Local.testsettings = Local.testsettings
		TraceAndTestImpact.testsettings = TraceAndTestImpact.testsettings
		YelpSharp.vsmdi = YelpSharp.vsmdi
	EndProjectSection
EndProject
Global
	GlobalSection(TestCaseManagementSettings) = postSolution
		CategoryFile = YelpSharp.vsmdi
	EndGlobalSection
	GlobalSection(SolutionConfigurationPlatforms) = preSolution
		Debug|Any CPU = Debug|Any CPU
		Release|Any CPU = Release|Any CPU
	EndGlobalSection
	GlobalSection(ProjectConfigurationPlatforms) = postSolution
		{321C2B03-B897-4351-A60B-B5987A67FE6C}.Debug|Any CPU.ActiveCfg = Debug|Any CPU
		{321C2B03-B897-4351-A60B-B5987A67FE6C}.Debug|Any CPU.Build.0 = Debug|Any CPU
		{321C2B03-B897-4351-A60B-B5987A67FE6C}.Release|Any CPU.ActiveCfg = Release|Any CPU
		{321C2B03-B897-4351-A60B-B5987A67FE6C}.Release|Any CPU.Build.0 = Release|Any CPU
		{6B9A6393-811A-404B-BC9A-189000563007}.Debug|Any CPU.ActiveCfg = Debug|Any CPU
		{6B9A6393-811A-404B-BC9A-189000563007}.Debug|Any CPU.Build.0 = Debug|Any CPU
		{6B9A6393-811A-404B-BC9A-189000563007}.Release|Any CPU.ActiveCfg = Release|Any CPU
		{6B9A6393-811A-404B-BC9A-189000563007}.Release|Any CPU.Build.0 = Release|Any CPU
	EndGlobalSection
	GlobalSection(SolutionProperties) = preSolution
		HideSolutionNode = FALSE
	EndGlobalSection
EndGlobal
